
Microsoft Visual Studio Solution File, Format Version 12.00
# Visual Studio Version 17
VisualStudioVersion = 17.12.35527.113 d17.12
MinimumVisualStudioVersion = 10.0.40219.1
Project("{FAE04EC0-301F-11D3-BF4B-00C04F79EFBC}") = "Aula6", "Aula6.csproj", "{304012E9-BEF6-4194-8667-AD40EE12AD2A}"
EndProject
Global
	GlobalSection(SolutionConfigurationPlatforms) = preSolution
		Debug|Any CPU = Debug|Any CPU
		Release|Any CPU = Release|Any CPU
	EndGlobalSection
	GlobalSection(ProjectConfigurationPlatforms) = postSolution
		{304012E9-BEF6-4194-8667-AD40EE12AD2A}.Debug|Any CPU.ActiveCfg = Debug|Any CPU
		{304012E9-BEF6-4194-8667-AD40EE12AD2A}.Debug|Any CPU.Build.0 = Debug|Any CPU
		{304012E9-BEF6-4194-8667-AD40EE12AD2A}.Release|Any CPU.ActiveCfg = Release|Any CPU
		{304012E9-BEF6-4194-8667-AD40EE12AD2A}.Release|Any CPU.Build.0 = Release|Any CPU
	EndGlobalSection
	GlobalSection(SolutionProperties) = preSolution
		HideSolutionNode = FALSE
	EndGlobalSection
EndGlobal
